
Microsoft Visual Studio Solution File, Format Version 12.00
# Visual Studio Version 16
VisualStudioVersion = 16.0.31424.327
MinimumVisualStudioVersion = 10.0.40219.1
Project("{2150E333-8FDC-42A3-9474-1A3956D46DE8}") = "Services", "Services", "{BC93702D-2A52-4F2A-9C5D-F0691FB1A1FF}"
EndProject
Project("{2150E333-8FDC-42A3-9474-1A3956D46DE8}") = "Catalog", "Catalog", "{A2AA0B9C-1344-4ED8-BA74-B881D32B5463}"
EndProject
Project("{9A19103F-16F7-4668-BE54-9A1E7A4F7556}") = "Catalog.API", "Services\Catalog\Catalog.API\Catalog.API.csproj", "{C6E184A8-CAF4-4B09-8226-2A0234222B57}"
EndProject
Project("{E53339B2-1760-4266-BCC7-CA923CBCF16C}") = "docker-compose", "docker-compose.dcproj", "{431D5740-2DE7-4052-BEC1-5A9C21A1F296}"
EndProject
Project("{2150E333-8FDC-42A3-9474-1A3956D46DE8}") = "Basket", "Basket", "{7EEAC8AB-9C54-449E-8729-32ADCC5437D4}"
EndProject
Project("{9A19103F-16F7-4668-BE54-9A1E7A4F7556}") = "Basket.API", "Services\Basket\Basket.API\Basket.API.csproj", "{E03AE512-7886-4087-9701-9D11E7AE3048}"
EndProject
Project("{2150E333-8FDC-42A3-9474-1A3956D46DE8}") = "Discount", "Discount", "{D830948F-76D2-49E5-BD65-1451860366F7}"
EndProject
Project("{9A19103F-16F7-4668-BE54-9A1E7A4F7556}") = "Discount.API", "Services\Discount\Discount.API\Discount.API.csproj", "{1B88F050-B47F-4684-ABB9-F3271EF285E0}"
EndProject
Project("{9A19103F-16F7-4668-BE54-9A1E7A4F7556}") = "Discount.Grpc", "Services\Discount\Discount.Grpc\Discount.Grpc\Discount.Grpc.csproj", "{B9AAAB8D-31E7-40E7-83D3-7D594A204D36}"
EndProject
Project("{2150E333-8FDC-42A3-9474-1A3956D46DE8}") = "Ordering", "Ordering", "{88E918AE-E6C2-440C-9A66-CF9483E599CA}"
EndProject
Project("{9A19103F-16F7-4668-BE54-9A1E7A4F7556}") = "Ordering.API", "Services\Ordering\Ordering.API\Ordering.API.csproj", "{3D95698E-C1DB-497B-99E2-D844490904D9}"
EndProject
Project("{9A19103F-16F7-4668-BE54-9A1E7A4F7556}") = "Ordering.Domain", "Services\Ordering\Ordering.Domain\Ordering.Domain.csproj", "{0AE3347E-527B-4082-913D-C783508B0ECD}"
EndProject
Project("{9A19103F-16F7-4668-BE54-9A1E7A4F7556}") = "Ordering.Application", "Services\Ordering\Ordering.Application\Ordering.Application.csproj", "{20A97286-50EE-4088-94E4-D6DD0AB98AF2}"
EndProject
Project("{9A19103F-16F7-4668-BE54-9A1E7A4F7556}") = "Ordering.Infrastructure", "Services\Ordering\Ordering.Infrastructure\Ordering.Infrastructure.csproj", "{CD0B37E9-67F5-4D3E-83CE-BEA2744290D8}"
EndProject
Project("{2150E333-8FDC-42A3-9474-1A3956D46DE8}") = "BuildingBlocks", "BuildingBlocks", "{EC8BC04E-3911-463B-8E27-07B9E2BB1E77}"
EndProject
Project("{FAE04EC0-301F-11D3-BF4B-00C04F79EFBC}") = "EventBus.Messages", "BuildingBlocks\EventBus.Messages\EventBus.Messages.csproj", "{4207AD6C-BE7D-49A5-BB56-287D7C477572}"
EndProject
Global
	GlobalSection(SolutionConfigurationPlatforms) = preSolution
		Debug|Any CPU = Debug|Any CPU
		Release|Any CPU = Release|Any CPU
	EndGlobalSection
	GlobalSection(ProjectConfigurationPlatforms) = postSolution
		{C6E184A8-CAF4-4B09-8226-2A0234222B57}.Debug|Any CPU.ActiveCfg = Debug|Any CPU
		{C6E184A8-CAF4-4B09-8226-2A0234222B57}.Debug|Any CPU.Build.0 = Debug|Any CPU
		{C6E184A8-CAF4-4B09-8226-2A0234222B57}.Release|Any CPU.ActiveCfg = Release|Any CPU
		{C6E184A8-CAF4-4B09-8226-2A0234222B57}.Release|Any CPU.Build.0 = Release|Any CPU
		{431D5740-2DE7-4052-BEC1-5A9C21A1F296}.Debug|Any CPU.ActiveCfg = Debug|Any CPU
		{431D5740-2DE7-4052-BEC1-5A9C21A1F296}.Debug|Any CPU.Build.0 = Debug|Any CPU
		{431D5740-2DE7-4052-BEC1-5A9C21A1F296}.Release|Any CPU.ActiveCfg = Release|Any CPU
		{431D5740-2DE7-4052-BEC1-5A9C21A1F296}.Release|Any CPU.Build.0 = Release|Any CPU
		{E03AE512-7886-4087-9701-9D11E7AE3048}.Debug|Any CPU.ActiveCfg = Debug|Any CPU
		{E03AE512-7886-4087-9701-9D11E7AE3048}.Debug|Any CPU.Build.0 = Debug|Any CPU
		{E03AE512-7886-4087-9701-9D11E7AE3048}.Release|Any CPU.ActiveCfg = Release|Any CPU
		{E03AE512-7886-4087-9701-9D11E7AE3048}.Release|Any CPU.Build.0 = Release|Any CPU
		{1B88F050-B47F-4684-ABB9-F3271EF285E0}.Debug|Any CPU.ActiveCfg = Debug|Any CPU
		{1B88F050-B47F-4684-ABB9-F3271EF285E0}.Debug|Any CPU.Build.0 = Debug|Any CPU
		{1B88F050-B47F-4684-ABB9-F3271EF285E0}.Release|Any CPU.ActiveCfg = Release|Any CPU
		{1B88F050-B47F-4684-ABB9-F3271EF285E0}.Release|Any CPU.Build.0 = Release|Any CPU
		{B9AAAB8D-31E7-40E7-83D3-7D594A204D36}.Debug|Any CPU.ActiveCfg = Debug|Any CPU
		{B9AAAB8D-31E7-40E7-83D3-7D594A204D36}.Debug|Any CPU.Build.0 = Debug|Any CPU
		{B9AAAB8D-31E7-40E7-83D3-7D594A204D36}.Release|Any CPU.ActiveCfg = Release|Any CPU
		{B9AAAB8D-31E7-40E7-83D3-7D594A204D36}.Release|Any CPU.Build.0 = Release|Any CPU
		{3D95698E-C1DB-497B-99E2-D844490904D9}.Debug|Any CPU.ActiveCfg = Debug|Any CPU
		{3D95698E-C1DB-497B-99E2-D844490904D9}.Debug|Any CPU.Build.0 = Debug|Any CPU
		{3D95698E-C1DB-497B-99E2-D844490904D9}.Release|Any CPU.ActiveCfg = Release|Any CPU
		{3D95698E-C1DB-497B-99E2-D844490904D9}.Release|Any CPU.Build.0 = Release|Any CPU
		{0AE3347E-527B-4082-913D-C783508B0ECD}.Debug|Any CPU.ActiveCfg = Debug|Any CPU
		{0AE3347E-527B-4082-913D-C783508B0ECD}.Debug|Any CPU.Build.0 = Debug|Any CPU
		{0AE3347E-527B-4082-913D-C783508B0ECD}.Release|Any CPU.ActiveCfg = Release|Any CPU
		{0AE3347E-527B-4082-913D-C783508B0ECD}.Release|Any CPU.Build.0 = Release|Any CPU
		{20A97286-50EE-4088-94E4-D6DD0AB98AF2}.Debug|Any CPU.ActiveCfg = Debug|Any CPU
		{20A97286-50EE-4088-94E4-D6DD0AB98AF2}.Debug|Any CPU.Build.0 = Debug|Any CPU
		{20A97286-50EE-4088-94E4-D6DD0AB98AF2}.Release|Any CPU.ActiveCfg = Release|Any CPU
		{20A97286-50EE-4088-94E4-D6DD0AB98AF2}.Release|Any CPU.Build.0 = Release|Any CPU
		{CD0B37E9-67F5-4D3E-83CE-BEA2744290D8}.Debug|Any CPU.ActiveCfg = Debug|Any CPU
		{CD0B37E9-67F5-4D3E-83CE-BEA2744290D8}.Debug|Any CPU.Build.0 = Debug|Any CPU
		{CD0B37E9-67F5-4D3E-83CE-BEA2744290D8}.Release|Any CPU.ActiveCfg = Release|Any CPU
		{CD0B37E9-67F5-4D3E-83CE-BEA2744290D8}.Release|Any CPU.Build.0 = Release|Any CPU
		{4207AD6C-BE7D-49A5-BB56-287D7C477572}.Debug|Any CPU.ActiveCfg = Debug|Any CPU
		{4207AD6C-BE7D-49A5-BB56-287D7C477572}.Debug|Any CPU.Build.0 = Debug|Any CPU
		{4207AD6C-BE7D-49A5-BB56-287D7C477572}.Release|Any CPU.ActiveCfg = Release|Any CPU
		{4207AD6C-BE7D-49A5-BB56-287D7C477572}.Release|Any CPU.Build.0 = Release|Any CPU
	EndGlobalSection
	GlobalSection(SolutionProperties) = preSolution
		HideSolutionNode = FALSE
	EndGlobalSection
	GlobalSection(NestedProjects) = preSolution
		{A2AA0B9C-1344-4ED8-BA74-B881D32B5463} = {BC93702D-2A52-4F2A-9C5D-F0691FB1A1FF}
		{C6E184A8-CAF4-4B09-8226-2A0234222B57} = {A2AA0B9C-1344-4ED8-BA74-B881D32B5463}
		{7EEAC8AB-9C54-449E-8729-32ADCC5437D4} = {BC93702D-2A52-4F2A-9C5D-F0691FB1A1FF}
		{E03AE512-7886-4087-9701-9D11E7AE3048} = {7EEAC8AB-9C54-449E-8729-32ADCC5437D4}
		{D830948F-76D2-49E5-BD65-1451860366F7} = {BC93702D-2A52-4F2A-9C5D-F0691FB1A1FF}
		{1B88F050-B47F-4684-ABB9-F3271EF285E0} = {D830948F-76D2-49E5-BD65-1451860366F7}
		{B9AAAB8D-31E7-40E7-83D3-7D594A204D36} = {D830948F-76D2-49E5-BD65-1451860366F7}
		{88E918AE-E6C2-440C-9A66-CF9483E599CA} = {BC93702D-2A52-4F2A-9C5D-F0691FB1A1FF}
		{3D95698E-C1DB-497B-99E2-D844490904D9} = {88E918AE-E6C2-440C-9A66-CF9483E599CA}
		{0AE3347E-527B-4082-913D-C783508B0ECD} = {88E918AE-E6C2-440C-9A66-CF9483E599CA}
		{20A97286-50EE-4088-94E4-D6DD0AB98AF2} = {88E918AE-E6C2-440C-9A66-CF9483E599CA}
		{CD0B37E9-67F5-4D3E-83CE-BEA2744290D8} = {88E918AE-E6C2-440C-9A66-CF9483E599CA}
		{4207AD6C-BE7D-49A5-BB56-287D7C477572} = {EC8BC04E-3911-463B-8E27-07B9E2BB1E77}
	EndGlobalSection
	GlobalSection(ExtensibilityGlobals) = postSolution
		SolutionGuid = {90D6EFED-C01F-48E3-B352-428B44A5B1CD}
	EndGlobalSection
EndGlobal
