
Microsoft Visual Studio Solution File, Format Version 12.00
# Visual Studio Version 16
VisualStudioVersion = 16.0.31424.327
MinimumVisualStudioVersion = 10.0.40219.1
Project("{2150E333-8FDC-42A3-9474-1A3956D46DE8}") = "Services", "Services", "{BC93702D-2A52-4F2A-9C5D-F0691FB1A1FF}"
EndProject
Project("{2150E333-8FDC-42A3-9474-1A3956D46DE8}") = "Catalog", "Catalog", "{A2AA0B9C-1344-4ED8-BA74-B881D32B5463}"
EndProject
Project("{9A19103F-16F7-4668-BE54-9A1E7A4F7556}") = "Catalog.API", "Services\Catalog\Catalog.API\Catalog.API.csproj", "{C6E184A8-CAF4-4B09-8226-2A0234222B57}"
EndProject
Project("{E53339B2-1760-4266-BCC7-CA923CBCF16C}") = "docker-compose", "docker-compose.dcproj", "{431D5740-2DE7-4052-BEC1-5A9C21A1F296}"
EndProject
Global
	GlobalSection(SolutionConfigurationPlatforms) = preSolution
		Debug|Any CPU = Debug|Any CPU
		Release|Any CPU = Release|Any CPU
	EndGlobalSection
	GlobalSection(ProjectConfigurationPlatforms) = postSolution
		{C6E184A8-CAF4-4B09-8226-2A0234222B57}.Debug|Any CPU.ActiveCfg = Debug|Any CPU
		{C6E184A8-CAF4-4B09-8226-2A0234222B57}.Debug|Any CPU.Build.0 = Debug|Any CPU
		{C6E184A8-CAF4-4B09-8226-2A0234222B57}.Release|Any CPU.ActiveCfg = Release|Any CPU
		{C6E184A8-CAF4-4B09-8226-2A0234222B57}.Release|Any CPU.Build.0 = Release|Any CPU
		{431D5740-2DE7-4052-BEC1-5A9C21A1F296}.Debug|Any CPU.ActiveCfg = Debug|Any CPU
		{431D5740-2DE7-4052-BEC1-5A9C21A1F296}.Debug|Any CPU.Build.0 = Debug|Any CPU
		{431D5740-2DE7-4052-BEC1-5A9C21A1F296}.Release|Any CPU.ActiveCfg = Release|Any CPU
		{431D5740-2DE7-4052-BEC1-5A9C21A1F296}.Release|Any CPU.Build.0 = Release|Any CPU
	EndGlobalSection
	GlobalSection(SolutionProperties) = preSolution
		HideSolutionNode = FALSE
	EndGlobalSection
	GlobalSection(NestedProjects) = preSolution
		{A2AA0B9C-1344-4ED8-BA74-B881D32B5463} = {BC93702D-2A52-4F2A-9C5D-F0691FB1A1FF}
		{C6E184A8-CAF4-4B09-8226-2A0234222B57} = {A2AA0B9C-1344-4ED8-BA74-B881D32B5463}
	EndGlobalSection
	GlobalSection(ExtensibilityGlobals) = postSolution
		SolutionGuid = {90D6EFED-C01F-48E3-B352-428B44A5B1CD}
	EndGlobalSection
EndGlobal
